// !$*UTF8*$!
{
	archiveVersion = 1;
	classes = {
	};
	objectVersion = 46;
	objects = {

/* Begin PBXBuildFile section */
		80471C691AA909900010FE62 /* AppDelegate.swift in Sources */ = {isa = PBXBuildFile; fileRef = 80471C681AA909900010FE62 /* AppDelegate.swift */; };
		80471C6B1AA909900010FE62 /* ViewController.swift in Sources */ = {isa = PBXBuildFile; fileRef = 80471C6A1AA909900010FE62 /* ViewController.swift */; };
		80471C6E1AA909900010FE62 /* Main.storyboard in Resources */ = {isa = PBXBuildFile; fileRef = 80471C6C1AA909900010FE62 /* Main.storyboard */; };
		80471C701AA909900010FE62 /* Images.xcassets in Resources */ = {isa = PBXBuildFile; fileRef = 80471C6F1AA909900010FE62 /* Images.xcassets */; };
		80471C731AA909900010FE62 /* LaunchScreen.xib in Resources */ = {isa = PBXBuildFile; fileRef = 80471C711AA909900010FE62 /* LaunchScreen.xib */; };
		80471C7F1AA909900010FE62 /* MovieTests.swift in Sources */ = {isa = PBXBuildFile; fileRef = 80471C7E1AA909900010FE62 /* MovieTests.swift */; };
/* End PBXBuildFile section */

/* Begin PBXContainerItemProxy section */
		80471C791AA909900010FE62 /* PBXContainerItemProxy */ = {
			isa = PBXContainerItemProxy;
			containerPortal = 80471C5B1AA909900010FE62 /* Project object */;
			proxyType = 1;
			remoteGlobalIDString = 80471C621AA909900010FE62;
			remoteInfo = Movie;
		};
/* End PBXContainerItemProxy section */

/* Begin PBXFileReference section */
		80471C631AA909900010FE62 /* Movie.app */ = {isa = PBXFileReference; explicitFileType = wrapper.application; includeInIndex = 0; path = Movie.app; sourceTree = BUILT_PRODUCTS_DIR; };
		80471C671AA909900010FE62 /* Info.plist */ = {isa = PBXFileReference; lastKnownFileType = text.plist.xml; path = Info.plist; sourceTree = "<group>"; };
		80471C681AA909900010FE62 /* AppDelegate.swift */ = {isa = PBXFileReference; lastKnownFileType = sourcecode.swift; path = AppDelegate.swift; sourceTree = "<group>"; };
		80471C6A1AA909900010FE62 /* ViewController.swift */ = {isa = PBXFileReference; lastKnownFileType = sourcecode.swift; path = ViewController.swift; sourceTree = "<group>"; };
		80471C6D1AA909900010FE62 /* Base */ = {isa = PBXFileReference; lastKnownFileType = file.storyboard; name = Base; path = Base.lproj/Main.storyboard; sourceTree = "<group>"; };
		80471C6F1AA909900010FE62 /* Images.xcassets */ = {isa = PBXFileReference; lastKnownFileType = folder.assetcatalog; path = Images.xcassets; sourceTree = "<group>"; };
		80471C721AA909900010FE62 /* Base */ = {isa = PBXFileReference; lastKnownFileType = file.xib; name = Base; path = Base.lproj/LaunchScreen.xib; sourceTree = "<group>"; };
		80471C781AA909900010FE62 /* MovieTests.xctest */ = {isa = PBXFileReference; explicitFileType = wrapper.cfbundle; includeInIndex = 0; path = MovieTests.xctest; sourceTree = BUILT_PRODUCTS_DIR; };
		80471C7D1AA909900010FE62 /* Info.plist */ = {isa = PBXFileReference; lastKnownFileType = text.plist.xml; path = Info.plist; sourceTree = "<group>"; };
		80471C7E1AA909900010FE62 /* MovieTests.swift */ = {isa = PBXFileReference; lastKnownFileType = sourcecode.swift; path = MovieTests.swift; sourceTree = "<group>"; };
/* End PBXFileReference section */

/* Begin PBXFrameworksBuildPhase section */
		80471C601AA909900010FE62 /* Frameworks */ = {
			isa = PBXFrameworksBuildPhase;
			buildActionMask = 2147483647;
			files = (
			);
			runOnlyForDeploymentPostprocessing = 0;
		};
		80471C751AA909900010FE62 /* Frameworks */ = {
			isa = PBXFrameworksBuildPhase;
			buildActionMask = 2147483647;
			files = (
			);
			runOnlyForDeploymentPostprocessing = 0;
		};
/* End PBXFrameworksBuildPhase section */

/* Begin PBXGroup section */
		80471C5A1AA909900010FE62 = {
			isa = PBXGroup;
			children = (
				80471C651AA909900010FE62 /* Movie */,
				80471C7B1AA909900010FE62 /* MovieTests */,
				80471C641AA909900010FE62 /* Products */,
			);
			sourceTree = "<group>";
		};
		80471C641AA909900010FE62 /* Products */ = {
			isa = PBXGroup;
			children = (
				80471C631AA909900010FE62 /* Movie.app */,
				80471C781AA909900010FE62 /* MovieTests.xctest */,
			);
			name = Products;
			sourceTree = "<group>";
		};
		80471C651AA909900010FE62 /* Movie */ = {
			isa = PBXGroup;
			children = (
				80471C681AA909900010FE62 /* AppDelegate.swift */,
				80471C6A1AA909900010FE62 /* ViewController.swift */,
				80471C6C1AA909900010FE62 /* Main.storyboard */,
				80471C6F1AA909900010FE62 /* Images.xcassets */,
				80471C711AA909900010FE62 /* LaunchScreen.xib */,
				80471C661AA909900010FE62 /* Supporting Files */,
			);
			path = Movie;
			sourceTree = "<group>";
		};
		80471C661AA909900010FE62 /* Supporting Files */ = {
			isa = PBXGroup;
			children = (
				80471C671AA909900010FE62 /* Info.plist */,
			);
			name = "Supporting Files";
			sourceTree = "<group>";
		};
		80471C7B1AA909900010FE62 /* MovieTests */ = {
			isa = PBXGroup;
			children = (
				80471C7E1AA909900010FE62 /* MovieTests.swift */,
				80471C7C1AA909900010FE62 /* Supporting Files */,
			);
			path = MovieTests;
			sourceTree = "<group>";
		};
		80471C7C1AA909900010FE62 /* Supporting Files */ = {
			isa = PBXGroup;
			children = (
				80471C7D1AA909900010FE62 /* Info.plist */,
			);
			name = "Supporting Files";
			sourceTree = "<group>";
		};
/* End PBXGroup section */

/* Begin PBXNativeTarget section */
		80471C621AA909900010FE62 /* Movie */ = {
			isa = PBXNativeTarget;
			buildConfigurationList = 80471C821AA909900010FE62 /* Build configuration list for PBXNativeTarget "Movie" */;
			buildPhases = (
				80471C5F1AA909900010FE62 /* Sources */,
				80471C601AA909900010FE62 /* Frameworks */,
				80471C611AA909900010FE62 /* Resources */,
			);
			buildRules = (
			);
			dependencies = (
			);
			name = Movie;
			productName = Movie;
			productReference = 80471C631AA909900010FE62 /* Movie.app */;
			productType = "com.apple.product-type.application";
		};
		80471C771AA909900010FE62 /* MovieTests */ = {
			isa = PBXNativeTarget;
			buildConfigurationList = 80471C851AA909900010FE62 /* Build configuration list for PBXNativeTarget "MovieTests" */;
			buildPhases = (
				80471C741AA909900010FE62 /* Sources */,
				80471C751AA909900010FE62 /* Frameworks */,
				80471C761AA909900010FE62 /* Resources */,
			);
			buildRules = (
			);
			dependencies = (
				80471C7A1AA909900010FE62 /* PBXTargetDependency */,
			);
			name = MovieTests;
			productName = MovieTests;
			productReference = 80471C781AA909900010FE62 /* MovieTests.xctest */;
			productType = "com.apple.product-type.bundle.unit-test";
		};
/* End PBXNativeTarget section */

/* Begin PBXProject section */
		80471C5B1AA909900010FE62 /* Project object */ = {
			isa = PBXProject;
			attributes = {
				LastUpgradeCheck = 0610;
				ORGANIZATIONNAME = "Stanford University";
				TargetAttributes = {
					80471C621AA909900010FE62 = {
						CreatedOnToolsVersion = 6.1.1;
					};
					80471C771AA909900010FE62 = {
						CreatedOnToolsVersion = 6.1.1;
						TestTargetID = 80471C621AA909900010FE62;
					};
				};
			};
			buildConfigurationList = 80471C5E1AA909900010FE62 /* Build configuration list for PBXProject "Movie" */;
			compatibilityVersion = "Xcode 3.2";
			developmentRegion = English;
			hasScannedForEncodings = 0;
			knownRegions = (
				en,
				Base,
			);
			mainGroup = 80471C5A1AA909900010FE62;
			productRefGroup = 80471C641AA909900010FE62 /* Products */;
			projectDirPath = "";
			projectRoot = "";
			targets = (
				80471C621AA909900010FE62 /* Movie */,
				80471C771AA909900010FE62 /* MovieTests */,
			);
		};
/* End PBXProject section */

/* Begin PBXResourcesBuildPhase section */
		80471C611AA909900010FE62 /* Resources */ = {
			isa = PBXResourcesBuildPhase;
			buildActionMask = 2147483647;
			files = (
				80471C6E1AA909900010FE62 /* Main.storyboard in Resources */,
				80471C731AA909900010FE62 /* LaunchScreen.xib in Resources */,
				80471C701AA909900010FE62 /* Images.xcassets in Resources */,
			);
			runOnlyForDeploymentPostprocessing = 0;
		};
		80471C761AA909900010FE62 /* Resources */ = {
			isa = PBXResourcesBuildPhase;
			buildActionMask = 2147483647;
			files = (
			);
			runOnlyForDeploymentPostprocessing = 0;
		};
/* End PBXResourcesBuildPhase section */

/* Begin PBXSourcesBuildPhase section */
		80471C5F1AA909900010FE62 /* Sources */ = {
			isa = PBXSourcesBuildPhase;
			buildActionMask = 2147483647;
			files = (
				80471C6B1AA909900010FE62 /* ViewController.swift in Sources */,
				80471C691AA909900010FE62 /* AppDelegate.swift in Sources */,
			);
			runOnlyForDeploymentPostprocessing = 0;
		};
		80471C741AA909900010FE62 /* Sources */ = {
			isa = PBXSourcesBuildPhase;
			buildActionMask = 2147483647;
			files = (
				80471C7F1AA909900010FE62 /* MovieTests.swift in Sources */,
			);
			runOnlyForDeploymentPostprocessing = 0;
		};
/* End PBXSourcesBuildPhase section */

/* Begin PBXTargetDependency section */
		80471C7A1AA909900010FE62 /* PBXTargetDependency */ = {
			isa = PBXTargetDependency;
			target = 80471C621AA909900010FE62 /* Movie */;
			targetProxy = 80471C791AA909900010FE62 /* PBXContainerItemProxy */;
		};
/* End PBXTargetDependency section */

/* Begin PBXVariantGroup section */
		80471C6C1AA909900010FE62 /* Main.storyboard */ = {
			isa = PBXVariantGroup;
			children = (
				80471C6D1AA909900010FE62 /* Base */,
			);
			name = Main.storyboard;
			sourceTree = "<group>";
		};
		80471C711AA909900010FE62 /* LaunchScreen.xib */ = {
			isa = PBXVariantGroup;
			children = (
				80471C721AA909900010FE62 /* Base */,
			);
			name = LaunchScreen.xib;
			sourceTree = "<group>";
		};
/* End PBXVariantGroup section */

/* Begin XCBuildConfiguration section */
		80471C801AA909900010FE62 /* Debug */ = {
			isa = XCBuildConfiguration;
			buildSettings = {
				ALWAYS_SEARCH_USER_PATHS = NO;
				CLANG_CXX_LANGUAGE_STANDARD = "gnu++0x";
				CLANG_CXX_LIBRARY = "libc++";
				CLANG_ENABLE_MODULES = YES;
				CLANG_ENABLE_OBJC_ARC = YES;
				CLANG_WARN_BOOL_CONVERSION = YES;
				CLANG_WARN_CONSTANT_CONVERSION = YES;
				CLANG_WARN_DIRECT_OBJC_ISA_USAGE = YES_ERROR;
				CLANG_WARN_EMPTY_BODY = YES;
				CLANG_WARN_ENUM_CONVERSION = YES;
				CLANG_WARN_INT_CONVERSION = YES;
				CLANG_WARN_OBJC_ROOT_CLASS = YES_ERROR;
				CLANG_WARN_UNREACHABLE_CODE = YES;
				CLANG_WARN__DUPLICATE_METHOD_MATCH = YES;
				"CODE_SIGN_IDENTITY[sdk=iphoneos*]" = "iPhone Developer";
				COPY_PHASE_STRIP = NO;
				ENABLE_STRICT_OBJC_MSGSEND = YES;
				GCC_C_LANGUAGE_STANDARD = gnu99;
				GCC_DYNAMIC_NO_PIC = NO;
				GCC_OPTIMIZATION_LEVEL = 0;
				GCC_PREPROCESSOR_DEFINITIONS = (
					"DEBUG=1",
					"$(inherited)",
				);
				GCC_SYMBOLS_PRIVATE_EXTERN = NO;
				GCC_WARN_64_TO_32_BIT_CONVERSION = YES;
				GCC_WARN_ABOUT_RETURN_TYPE = YES_ERROR;
				GCC_WARN_UNDECLARED_SELECTOR = YES;
				GCC_WARN_UNINITIALIZED_AUTOS = YES_AGGRESSIVE;
				GCC_WARN_UNUSED_FUNCTION = YES;
				GCC_WARN_UNUSED_VARIABLE = YES;
				IPHONEOS_DEPLOYMENT_TARGET = 8.1;
				MTL_ENABLE_DEBUG_INFO = YES;
				ONLY_ACTIVE_ARCH = YES;
				SDKROOT = iphoneos;
				SWIFT_OPTIMIZATION_LEVEL = "-Onone";
				TARGETED_DEVICE_FAMILY = "1,2";
			};
			name = Debug;
		};
		80471C811AA909900010FE62 /* Release */ = {
			isa = XCBuildConfiguration;
			buildSettings = {
				ALWAYS_SEARCH_USER_PATHS = NO;
				CLANG_CXX_LANGUAGE_STANDARD = "gnu++0x";
				CLANG_CXX_LIBRARY = "libc++";
				CLANG_ENABLE_MODULES = YES;
				CLANG_ENABLE_OBJC_ARC = YES;
				CLANG_WARN_BOOL_CONVERSION = YES;
				CLANG_WARN_CONSTANT_CONVERSION = YES;
				CLANG_WARN_DIRECT_OBJC_ISA_USAGE = YES_ERROR;
				CLANG_WARN_EMPTY_BODY = YES;
				CLANG_WARN_ENUM_CONVERSION = YES;
				CLANG_WARN_INT_CONVERSION = YES;
				CLANG_WARN_OBJC_ROOT_CLASS = YES_ERROR;
				CLANG_WARN_UNREACHABLE_CODE = YES;
				CLANG_WARN__DUPLICATE_METHOD_MATCH = YES;
				"CODE_SIGN_IDENTITY[sdk=iphoneos*]" = "iPhone Developer";
				COPY_PHASE_STRIP = YES;
				ENABLE_NS_ASSERTIONS = NO;
				ENABLE_STRICT_OBJC_MSGSEND = YES;
				GCC_C_LANGUAGE_STANDARD = gnu99;
				GCC_WARN_64_TO_32_BIT_CONVERSION = YES;
				GCC_WARN_ABOUT_RETURN_TYPE = YES_ERROR;
				GCC_WARN_UNDECLARED_SELECTOR = YES;
				GCC_WARN_UNINITIALIZED_AUTOS = YES_AGGRESSIVE;
				GCC_WARN_UNUSED_FUNCTION = YES;
				GCC_WARN_UNUSED_VARIABLE = YES;
				IPHONEOS_DEPLOYMENT_TARGET = 8.1;
				MTL_ENABLE_DEBUG_INFO = NO;
				SDKROOT = iphoneos;
				TARGETED_DEVICE_FAMILY = "1,2";
				VALIDATE_PRODUCT = YES;
			};
			name = Release;
		};
		80471C831AA909900010FE62 /* Debug */ = {
			isa = XCBuildConfiguration;
			buildSettings = {
				ASSETCATALOG_COMPILER_APPICON_NAME = AppIcon;
				INFOPLIST_FILE = Movie/Info.plist;
				LD_RUNPATH_SEARCH_PATHS = "$(inherited) @executable_path/Frameworks";
				PRODUCT_NAME = "$(TARGET_NAME)";
			};
			name = Debug;
		};
		80471C841AA909900010FE62 /* Release */ = {
			isa = XCBuildConfiguration;
			buildSettings = {
				ASSETCATALOG_COMPILER_APPICON_NAME = AppIcon;
				INFOPLIST_FILE = Movie/Info.plist;
				LD_RUNPATH_SEARCH_PATHS = "$(inherited) @executable_path/Frameworks";
				PRODUCT_NAME = "$(TARGET_NAME)";
			};
			name = Release;
		};
		80471C861AA909900010FE62 /* Debug */ = {
			isa = XCBuildConfiguration;
			buildSettings = {
				BUNDLE_LOADER = "$(TEST_HOST)";
				FRAMEWORK_SEARCH_PATHS = (
					"$(SDKROOT)/Developer/Library/Frameworks",
					"$(inherited)",
				);
				GCC_PREPROCESSOR_DEFINITIONS = (
					"DEBUG=1",
					"$(inherited)",
				);
				INFOPLIST_FILE = MovieTests/Info.plist;
				LD_RUNPATH_SEARCH_PATHS = "$(inherited) @executable_path/Frameworks @loader_path/Frameworks";
				PRODUCT_NAME = "$(TARGET_NAME)";
				TEST_HOST = "$(BUILT_PRODUCTS_DIR)/Movie.app/Movie";
			};
			name = Debug;
		};
		80471C871AA909900010FE62 /* Release */ = {
			isa = XCBuildConfiguration;
			buildSettings = {
				BUNDLE_LOADER = "$(TEST_HOST)";
				FRAMEWORK_SEARCH_PATHS = (
					"$(SDKROOT)/Developer/Library/Frameworks",
					"$(inherited)",
				);
				INFOPLIST_FILE = MovieTests/Info.plist;
				LD_RUNPATH_SEARCH_PATHS = "$(inherited) @executable_path/Frameworks @loader_path/Frameworks";
				PRODUCT_NAME = "$(TARGET_NAME)";
				TEST_HOST = "$(BUILT_PRODUCTS_DIR)/Movie.app/Movie";
			};
			name = Release;
		};
/* End XCBuildConfiguration section */

/* Begin XCConfigurationList section */
		80471C5E1AA909900010FE62 /* Build configuration list for PBXProject "Movie" */ = {
			isa = XCConfigurationList;
			buildConfigurations = (
				80471C801AA909900010FE62 /* Debug */,
				80471C811AA909900010FE62 /* Release */,
			);
			defaultConfigurationIsVisible = 0;
			defaultConfigurationName = Release;
		};
		80471C821AA909900010FE62 /* Build configuration list for PBXNativeTarget "Movie" */ = {
			isa = XCConfigurationList;
			buildConfigurations = (
				80471C831AA909900010FE62 /* Debug */,
				80471C841AA909900010FE62 /* Release */,
			);
			defaultConfigurationIsVisible = 0;
		};
		80471C851AA909900010FE62 /* Build configuration list for PBXNativeTarget "MovieTests" */ = {
			isa = XCConfigurationList;
			buildConfigurations = (
				80471C861AA909900010FE62 /* Debug */,
				80471C871AA909900010FE62 /* Release */,
			);
			defaultConfigurationIsVisible = 0;
		};
/* End XCConfigurationList section */
	};
	rootObject = 80471C5B1AA909900010FE62 /* Project object */;
}
